// !$*UTF8*$!
{
	archiveVersion = 1;
	classes = {
	};
	objectVersion = 50;
	objects = {

/* Begin PBXBuildFile section */
		C6092E11263AA2EC00A38077 /* GFItemInfoView.swift in Sources */ = {isa = PBXBuildFile; fileRef = C6092E10263AA2EC00A38077 /* GFItemInfoView.swift */; };
		C6092E13263AC52D00A38077 /* GFItemInfoViewController.swift in Sources */ = {isa = PBXBuildFile; fileRef = C6092E12263AC52D00A38077 /* GFItemInfoViewController.swift */; };
		C6092E15263AC7F100A38077 /* GFRepoItemVC.swift in Sources */ = {isa = PBXBuildFile; fileRef = C6092E14263AC7F100A38077 /* GFRepoItemVC.swift */; };
		C6092E17263ACA6500A38077 /* GFFollowerItemVC.swift in Sources */ = {isa = PBXBuildFile; fileRef = C6092E16263ACA6500A38077 /* GFFollowerItemVC.swift */; };
		C6092E1A263AEDC400A38077 /* Date+Extension.swift in Sources */ = {isa = PBXBuildFile; fileRef = C6092E19263AEDC400A38077 /* Date+Extension.swift */; };
		C6092E1C263AEE3E00A38077 /* String+Extension.swift in Sources */ = {isa = PBXBuildFile; fileRef = C6092E1B263AEE3E00A38077 /* String+Extension.swift */; };
		C60AE032263598FD00B3515D /* GFEmptyStateView.swift in Sources */ = {isa = PBXBuildFile; fileRef = C60AE031263598FD00B3515D /* GFEmptyStateView.swift */; };
		C60AE0672636E54000B3515D /* UserInfoViewController.swift in Sources */ = {isa = PBXBuildFile; fileRef = C60AE0662636E54000B3515D /* UserInfoViewController.swift */; };
		C625F0F6262DA750002CBC3A /* ErrorMessage.swift in Sources */ = {isa = PBXBuildFile; fileRef = C625F0F5262DA750002CBC3A /* ErrorMessage.swift */; };
		C625F138262F0C3D002CBC3A /* FollowerCell.swift in Sources */ = {isa = PBXBuildFile; fileRef = C625F137262F0C3D002CBC3A /* FollowerCell.swift */; };
		C625F13B262F0E23002CBC3A /* GFAvatarImageView.swift in Sources */ = {isa = PBXBuildFile; fileRef = C625F13A262F0E23002CBC3A /* GFAvatarImageView.swift */; };
		C638EDF02632997700F6053D /* UIHelper.swift in Sources */ = {isa = PBXBuildFile; fileRef = C638EDEF2632997700F6053D /* UIHelper.swift */; };
		C6552C372637E685007F3B56 /* GFUserInfoHeaderViewController.swift in Sources */ = {isa = PBXBuildFile; fileRef = C6552C362637E685007F3B56 /* GFUserInfoHeaderViewController.swift */; };
		C6552C3A2637E6E7007F3B56 /* GFSecondaryTitleLabel.swift in Sources */ = {isa = PBXBuildFile; fileRef = C6552C392637E6E7007F3B56 /* GFSecondaryTitleLabel.swift */; };
		C6552C3D263800BF007F3B56 /* Constants.swift in Sources */ = {isa = PBXBuildFile; fileRef = C6552C3C263800BF007F3B56 /* Constants.swift */; };
		C67F2000264805630009DE47 /* GFTabBarController.swift in Sources */ = {isa = PBXBuildFile; fileRef = C67F1FFF264805630009DE47 /* GFTabBarController.swift */; };
		C67F200226480D150009DE47 /* GFAlertContainerView.swift in Sources */ = {isa = PBXBuildFile; fileRef = C67F200126480D150009DE47 /* GFAlertContainerView.swift */; };
		C67F2004264817F20009DE47 /* GFDataLoadingViewController.swift in Sources */ = {isa = PBXBuildFile; fileRef = C67F2003264817F20009DE47 /* GFDataLoadingViewController.swift */; };
		C69D29AF2626D2DF0027A9E3 /* AppDelegate.swift in Sources */ = {isa = PBXBuildFile; fileRef = C69D29AE2626D2DF0027A9E3 /* AppDelegate.swift */; };
		C69D29B12626D2DF0027A9E3 /* SceneDelegate.swift in Sources */ = {isa = PBXBuildFile; fileRef = C69D29B02626D2DF0027A9E3 /* SceneDelegate.swift */; };
		C69D29B82626D2E80027A9E3 /* Assets.xcassets in Resources */ = {isa = PBXBuildFile; fileRef = C69D29B72626D2E80027A9E3 /* Assets.xcassets */; };
		C69D29BB2626D2E80027A9E3 /* LaunchScreen.storyboard in Resources */ = {isa = PBXBuildFile; fileRef = C69D29B92626D2E80027A9E3 /* LaunchScreen.storyboard */; };
		C69D29C72626DFC70027A9E3 /* SearchViewController.swift in Sources */ = {isa = PBXBuildFile; fileRef = C69D29C62626DFC70027A9E3 /* SearchViewController.swift */; };
		C69D29CA2626DFF80027A9E3 /* FavoritesListViewController.swift in Sources */ = {isa = PBXBuildFile; fileRef = C69D29C92626DFF80027A9E3 /* FavoritesListViewController.swift */; };
		C69D29CE262818980027A9E3 /* GFButton.swift in Sources */ = {isa = PBXBuildFile; fileRef = C69D29CD262818980027A9E3 /* GFButton.swift */; };
		C69D29D126281B700027A9E3 /* GFTextField.swift in Sources */ = {isa = PBXBuildFile; fileRef = C69D29D026281B700027A9E3 /* GFTextField.swift */; };
		C6F3C33B262C0FE60031D3CC /* FollowerListViewController.swift in Sources */ = {isa = PBXBuildFile; fileRef = C6F3C33A262C0FE60031D3CC /* FollowerListViewController.swift */; };
		C6F3C342262C1AEF0031D3CC /* GFBodyLabel.swift in Sources */ = {isa = PBXBuildFile; fileRef = C6F3C341262C1AEF0031D3CC /* GFBodyLabel.swift */; };
		C6F3C345262C1C630031D3CC /* GFAlertViewController.swift in Sources */ = {isa = PBXBuildFile; fileRef = C6F3C344262C1C630031D3CC /* GFAlertViewController.swift */; };
		C6F3C34B262C1DB80031D3CC /* GFTitleLabel.swift in Sources */ = {isa = PBXBuildFile; fileRef = C6F3C34A262C1DB80031D3CC /* GFTitleLabel.swift */; };
		C6F3C34E262C333A0031D3CC /* UIViewController+Extension.swift in Sources */ = {isa = PBXBuildFile; fileRef = C6F3C34D262C333A0031D3CC /* UIViewController+Extension.swift */; };
		C6F3C357262C62670031D3CC /* Follower.swift in Sources */ = {isa = PBXBuildFile; fileRef = C6F3C356262C62670031D3CC /* Follower.swift */; };
		C6F3C35A262C63340031D3CC /* User.swift in Sources */ = {isa = PBXBuildFile; fileRef = C6F3C359262C63340031D3CC /* User.swift */; };
		C6F3C35E262C685C0031D3CC /* NetworkManager.swift in Sources */ = {isa = PBXBuildFile; fileRef = C6F3C35D262C685C0031D3CC /* NetworkManager.swift */; };
		C6F40D9E263D3C3200DAB3CD /* PersistenceManager.swift in Sources */ = {isa = PBXBuildFile; fileRef = C6F40D9D263D3C3200DAB3CD /* PersistenceManager.swift */; };
		C6F40DC6263EF24D00DAB3CD /* FavoriteCell.swift in Sources */ = {isa = PBXBuildFile; fileRef = C6F40DC5263EF24D00DAB3CD /* FavoriteCell.swift */; };
/* End PBXBuildFile section */

/* Begin PBXFileReference section */
		C6092E10263AA2EC00A38077 /* GFItemInfoView.swift */ = {isa = PBXFileReference; lastKnownFileType = sourcecode.swift; path = GFItemInfoView.swift; sourceTree = "<group>"; };
		C6092E12263AC52D00A38077 /* GFItemInfoViewController.swift */ = {isa = PBXFileReference; lastKnownFileType = sourcecode.swift; path = GFItemInfoViewController.swift; sourceTree = "<group>"; };
		C6092E14263AC7F100A38077 /* GFRepoItemVC.swift */ = {isa = PBXFileReference; lastKnownFileType = sourcecode.swift; path = GFRepoItemVC.swift; sourceTree = "<group>"; };
		C6092E16263ACA6500A38077 /* GFFollowerItemVC.swift */ = {isa = PBXFileReference; lastKnownFileType = sourcecode.swift; path = GFFollowerItemVC.swift; sourceTree = "<group>"; };
		C6092E19263AEDC400A38077 /* Date+Extension.swift */ = {isa = PBXFileReference; lastKnownFileType = sourcecode.swift; path = "Date+Extension.swift"; sourceTree = "<group>"; };
		C6092E1B263AEE3E00A38077 /* String+Extension.swift */ = {isa = PBXFileReference; lastKnownFileType = sourcecode.swift; path = "String+Extension.swift"; sourceTree = "<group>"; };
		C60AE031263598FD00B3515D /* GFEmptyStateView.swift */ = {isa = PBXFileReference; lastKnownFileType = sourcecode.swift; path = GFEmptyStateView.swift; sourceTree = "<group>"; };
		C60AE0662636E54000B3515D /* UserInfoViewController.swift */ = {isa = PBXFileReference; lastKnownFileType = sourcecode.swift; path = UserInfoViewController.swift; sourceTree = "<group>"; };
		C625F0F5262DA750002CBC3A /* ErrorMessage.swift */ = {isa = PBXFileReference; lastKnownFileType = sourcecode.swift; path = ErrorMessage.swift; sourceTree = "<group>"; };
		C625F137262F0C3D002CBC3A /* FollowerCell.swift */ = {isa = PBXFileReference; lastKnownFileType = sourcecode.swift; path = FollowerCell.swift; sourceTree = "<group>"; };
		C625F13A262F0E23002CBC3A /* GFAvatarImageView.swift */ = {isa = PBXFileReference; lastKnownFileType = sourcecode.swift; path = GFAvatarImageView.swift; sourceTree = "<group>"; };
		C638EDEF2632997700F6053D /* UIHelper.swift */ = {isa = PBXFileReference; lastKnownFileType = sourcecode.swift; path = UIHelper.swift; sourceTree = "<group>"; };
		C6552C362637E685007F3B56 /* GFUserInfoHeaderViewController.swift */ = {isa = PBXFileReference; lastKnownFileType = sourcecode.swift; path = GFUserInfoHeaderViewController.swift; sourceTree = "<group>"; };
		C6552C392637E6E7007F3B56 /* GFSecondaryTitleLabel.swift */ = {isa = PBXFileReference; lastKnownFileType = sourcecode.swift; path = GFSecondaryTitleLabel.swift; sourceTree = "<group>"; };
		C6552C3C263800BF007F3B56 /* Constants.swift */ = {isa = PBXFileReference; lastKnownFileType = sourcecode.swift; path = Constants.swift; sourceTree = "<group>"; };
		C67F1FFF264805630009DE47 /* GFTabBarController.swift */ = {isa = PBXFileReference; lastKnownFileType = sourcecode.swift; path = GFTabBarController.swift; sourceTree = "<group>"; };
		C67F200126480D150009DE47 /* GFAlertContainerView.swift */ = {isa = PBXFileReference; lastKnownFileType = sourcecode.swift; path = GFAlertContainerView.swift; sourceTree = "<group>"; };
		C67F2003264817F20009DE47 /* GFDataLoadingViewController.swift */ = {isa = PBXFileReference; lastKnownFileType = sourcecode.swift; path = GFDataLoadingViewController.swift; sourceTree = "<group>"; };
		C69D29AB2626D2DF0027A9E3 /* GithubFollowers.app */ = {isa = PBXFileReference; explicitFileType = wrapper.application; includeInIndex = 0; path = GithubFollowers.app; sourceTree = BUILT_PRODUCTS_DIR; };
		C69D29AE2626D2DF0027A9E3 /* AppDelegate.swift */ = {isa = PBXFileReference; lastKnownFileType = sourcecode.swift; path = AppDelegate.swift; sourceTree = "<group>"; };
		C69D29B02626D2DF0027A9E3 /* SceneDelegate.swift */ = {isa = PBXFileReference; lastKnownFileType = sourcecode.swift; path = SceneDelegate.swift; sourceTree = "<group>"; };
		C69D29B72626D2E80027A9E3 /* Assets.xcassets */ = {isa = PBXFileReference; lastKnownFileType = folder.assetcatalog; path = Assets.xcassets; sourceTree = "<group>"; };
		C69D29BA2626D2E80027A9E3 /* Base */ = {isa = PBXFileReference; lastKnownFileType = file.storyboard; name = Base; path = Base.lproj/LaunchScreen.storyboard; sourceTree = "<group>"; };
		C69D29BC2626D2E80027A9E3 /* Info.plist */ = {isa = PBXFileReference; lastKnownFileType = text.plist.xml; path = Info.plist; sourceTree = "<group>"; };
		C69D29C62626DFC70027A9E3 /* SearchViewController.swift */ = {isa = PBXFileReference; lastKnownFileType = sourcecode.swift; path = SearchViewController.swift; sourceTree = "<group>"; };
		C69D29C92626DFF80027A9E3 /* FavoritesListViewController.swift */ = {isa = PBXFileReference; lastKnownFileType = sourcecode.swift; path = FavoritesListViewController.swift; sourceTree = "<group>"; };
		C69D29CD262818980027A9E3 /* GFButton.swift */ = {isa = PBXFileReference; lastKnownFileType = sourcecode.swift; path = GFButton.swift; sourceTree = "<group>"; };
		C69D29D026281B700027A9E3 /* GFTextField.swift */ = {isa = PBXFileReference; lastKnownFileType = sourcecode.swift; path = GFTextField.swift; sourceTree = "<group>"; };
		C6F3C33A262C0FE60031D3CC /* FollowerListViewController.swift */ = {isa = PBXFileReference; lastKnownFileType = sourcecode.swift; path = FollowerListViewController.swift; sourceTree = "<group>"; };
		C6F3C341262C1AEF0031D3CC /* GFBodyLabel.swift */ = {isa = PBXFileReference; lastKnownFileType = sourcecode.swift; path = GFBodyLabel.swift; sourceTree = "<group>"; };
		C6F3C344262C1C630031D3CC /* GFAlertViewController.swift */ = {isa = PBXFileReference; lastKnownFileType = sourcecode.swift; path = GFAlertViewController.swift; sourceTree = "<group>"; };
		C6F3C34A262C1DB80031D3CC /* GFTitleLabel.swift */ = {isa = PBXFileReference; lastKnownFileType = sourcecode.swift; path = GFTitleLabel.swift; sourceTree = "<group>"; };
		C6F3C34D262C333A0031D3CC /* UIViewController+Extension.swift */ = {isa = PBXFileReference; lastKnownFileType = sourcecode.swift; path = "UIViewController+Extension.swift"; sourceTree = "<group>"; };
		C6F3C356262C62670031D3CC /* Follower.swift */ = {isa = PBXFileReference; lastKnownFileType = sourcecode.swift; path = Follower.swift; sourceTree = "<group>"; };
		C6F3C359262C63340031D3CC /* User.swift */ = {isa = PBXFileReference; lastKnownFileType = sourcecode.swift; path = User.swift; sourceTree = "<group>"; };
		C6F3C35D262C685C0031D3CC /* NetworkManager.swift */ = {isa = PBXFileReference; lastKnownFileType = sourcecode.swift; path = NetworkManager.swift; sourceTree = "<group>"; };
		C6F40D9D263D3C3200DAB3CD /* PersistenceManager.swift */ = {isa = PBXFileReference; lastKnownFileType = sourcecode.swift; path = PersistenceManager.swift; sourceTree = "<group>"; };
		C6F40DC5263EF24D00DAB3CD /* FavoriteCell.swift */ = {isa = PBXFileReference; lastKnownFileType = sourcecode.swift; path = FavoriteCell.swift; sourceTree = "<group>"; };
/* End PBXFileReference section */

/* Begin PBXFrameworksBuildPhase section */
		C69D29A82626D2DF0027A9E3 /* Frameworks */ = {
			isa = PBXFrameworksBuildPhase;
			buildActionMask = 2147483647;
			files = (
			);
			runOnlyForDeploymentPostprocessing = 0;
		};
/* End PBXFrameworksBuildPhase section */

/* Begin PBXGroup section */
		C6092E18263ACB3600A38077 /* ItemInfoVCs */ = {
			isa = PBXGroup;
			children = (
				C6092E12263AC52D00A38077 /* GFItemInfoViewController.swift */,
				C6092E14263AC7F100A38077 /* GFRepoItemVC.swift */,
				C6092E16263ACA6500A38077 /* GFFollowerItemVC.swift */,
			);
			path = ItemInfoVCs;
			sourceTree = "<group>";
		};
		C60AE02B2635987000B3515D /* Views */ = {
			isa = PBXGroup;
			children = (
				C60AE031263598FD00B3515D /* GFEmptyStateView.swift */,
				C6092E10263AA2EC00A38077 /* GFItemInfoView.swift */,
				C67F200126480D150009DE47 /* GFAlertContainerView.swift */,
			);
			path = Views;
			sourceTree = "<group>";
		};
		C60AE02C2635987800B3515D /* Buttons */ = {
			isa = PBXGroup;
			children = (
				C69D29CD262818980027A9E3 /* GFButton.swift */,
			);
			path = Buttons;
			sourceTree = "<group>";
		};
		C60AE02D2635987F00B3515D /* TextFields */ = {
			isa = PBXGroup;
			children = (
				C69D29D026281B700027A9E3 /* GFTextField.swift */,
			);
			path = TextFields;
			sourceTree = "<group>";
		};
		C60AE02E2635988900B3515D /* ImageViews */ = {
			isa = PBXGroup;
			children = (
				C625F13A262F0E23002CBC3A /* GFAvatarImageView.swift */,
			);
			path = ImageViews;
			sourceTree = "<group>";
		};
		C60AE02F2635989B00B3515D /* ViewControllers */ = {
			isa = PBXGroup;
			children = (
				C6092E18263ACB3600A38077 /* ItemInfoVCs */,
				C6F3C344262C1C630031D3CC /* GFAlertViewController.swift */,
				C6552C362637E685007F3B56 /* GFUserInfoHeaderViewController.swift */,
				C67F2003264817F20009DE47 /* GFDataLoadingViewController.swift */,
			);
			path = ViewControllers;
			sourceTree = "<group>";
		};
		C60AE030263598C000B3515D /* Labels */ = {
			isa = PBXGroup;
			children = (
				C6F3C34A262C1DB80031D3CC /* GFTitleLabel.swift */,
				C6F3C341262C1AEF0031D3CC /* GFBodyLabel.swift */,
				C6552C392637E6E7007F3B56 /* GFSecondaryTitleLabel.swift */,
			);
			path = Labels;
			sourceTree = "<group>";
		};
		C625F0F4262DA731002CBC3A /* Utilities */ = {
			isa = PBXGroup;
			children = (
				C625F0F5262DA750002CBC3A /* ErrorMessage.swift */,
				C638EDEF2632997700F6053D /* UIHelper.swift */,
				C6552C3C263800BF007F3B56 /* Constants.swift */,
			);
			path = Utilities;
			sourceTree = "<group>";
		};
		C625F136262F0C0D002CBC3A /* Cells */ = {
			isa = PBXGroup;
			children = (
				C625F137262F0C3D002CBC3A /* FollowerCell.swift */,
				C6F40DC5263EF24D00DAB3CD /* FavoriteCell.swift */,
			);
			path = Cells;
			sourceTree = "<group>";
		};
		C67F1FFE264805300009DE47 /* TabBarControllers */ = {
			isa = PBXGroup;
			children = (
				C67F1FFF264805630009DE47 /* GFTabBarController.swift */,
			);
			path = TabBarControllers;
			sourceTree = "<group>";
		};
		C69D29A22626D2DE0027A9E3 = {
			isa = PBXGroup;
			children = (
				C69D29AD2626D2DF0027A9E3 /* GithubFollowers */,
				C69D29AC2626D2DF0027A9E3 /* Products */,
			);
			sourceTree = "<group>";
		};
		C69D29AC2626D2DF0027A9E3 /* Products */ = {
			isa = PBXGroup;
			children = (
				C69D29AB2626D2DF0027A9E3 /* GithubFollowers.app */,
			);
			name = Products;
			sourceTree = "<group>";
		};
		C69D29AD2626D2DF0027A9E3 /* GithubFollowers */ = {
			isa = PBXGroup;
			children = (
				C625F0F4262DA731002CBC3A /* Utilities */,
				C6F3C35C262C682F0031D3CC /* Managers */,
				C6F3C355262C62530031D3CC /* Model */,
				C6F3C353262C39A20031D3CC /* Support */,
				C6F3C352262C393F0031D3CC /* Extension */,
				C6F3C351262C38F70031D3CC /* Custom Views */,
				C6F3C350262C38B20031D3CC /* Screens */,
				C69D29BC2626D2E80027A9E3 /* Info.plist */,
			);
			path = GithubFollowers;
			sourceTree = "<group>";
		};
		C6F3C350262C38B20031D3CC /* Screens */ = {
			isa = PBXGroup;
			children = (
				C69D29C92626DFF80027A9E3 /* FavoritesListViewController.swift */,
				C6F3C33A262C0FE60031D3CC /* FollowerListViewController.swift */,
				C69D29C62626DFC70027A9E3 /* SearchViewController.swift */,
				C60AE0662636E54000B3515D /* UserInfoViewController.swift */,
			);
			path = Screens;
			sourceTree = "<group>";
		};
		C6F3C351262C38F70031D3CC /* Custom Views */ = {
			isa = PBXGroup;
			children = (
				C67F1FFE264805300009DE47 /* TabBarControllers */,
				C60AE030263598C000B3515D /* Labels */,
				C60AE02F2635989B00B3515D /* ViewControllers */,
				C60AE02E2635988900B3515D /* ImageViews */,
				C60AE02D2635987F00B3515D /* TextFields */,
				C60AE02C2635987800B3515D /* Buttons */,
				C60AE02B2635987000B3515D /* Views */,
				C625F136262F0C0D002CBC3A /* Cells */,
			);
			path = "Custom Views";
			sourceTree = "<group>";
		};
		C6F3C352262C393F0031D3CC /* Extension */ = {
			isa = PBXGroup;
			children = (
				C6F3C34D262C333A0031D3CC /* UIViewController+Extension.swift */,
				C6092E19263AEDC400A38077 /* Date+Extension.swift */,
				C6092E1B263AEE3E00A38077 /* String+Extension.swift */,
			);
			path = Extension;
			sourceTree = "<group>";
		};
		C6F3C353262C39A20031D3CC /* Support */ = {
			isa = PBXGroup;
			children = (
				C69D29AE2626D2DF0027A9E3 /* AppDelegate.swift */,
				C69D29B02626D2DF0027A9E3 /* SceneDelegate.swift */,
				C69D29B72626D2E80027A9E3 /* Assets.xcassets */,
				C69D29B92626D2E80027A9E3 /* LaunchScreen.storyboard */,
			);
			path = Support;
			sourceTree = "<group>";
		};
		C6F3C355262C62530031D3CC /* Model */ = {
			isa = PBXGroup;
			children = (
				C6F3C356262C62670031D3CC /* Follower.swift */,
				C6F3C359262C63340031D3CC /* User.swift */,
			);
			path = Model;
			sourceTree = "<group>";
		};
		C6F3C35C262C682F0031D3CC /* Managers */ = {
			isa = PBXGroup;
			children = (
				C6F3C35D262C685C0031D3CC /* NetworkManager.swift */,
				C6F40D9D263D3C3200DAB3CD /* PersistenceManager.swift */,
			);
			name = Managers;
			sourceTree = "<group>";
		};
/* End PBXGroup section */

/* Begin PBXNativeTarget section */
		C69D29AA2626D2DF0027A9E3 /* GithubFollowers */ = {
			isa = PBXNativeTarget;
			buildConfigurationList = C69D29BF2626D2E80027A9E3 /* Build configuration list for PBXNativeTarget "GithubFollowers" */;
			buildPhases = (
				C69D29A72626D2DF0027A9E3 /* Sources */,
				C69D29A82626D2DF0027A9E3 /* Frameworks */,
				C69D29A92626D2DF0027A9E3 /* Resources */,
			);
			buildRules = (
			);
			dependencies = (
			);
			name = GithubFollowers;
			productName = GithubFollowers;
			productReference = C69D29AB2626D2DF0027A9E3 /* GithubFollowers.app */;
			productType = "com.apple.product-type.application";
		};
/* End PBXNativeTarget section */

/* Begin PBXProject section */
		C69D29A32626D2DE0027A9E3 /* Project object */ = {
			isa = PBXProject;
			attributes = {
				LastSwiftUpdateCheck = 1240;
				LastUpgradeCheck = 1240;
				TargetAttributes = {
					C69D29AA2626D2DF0027A9E3 = {
						CreatedOnToolsVersion = 12.4;
					};
				};
			};
			buildConfigurationList = C69D29A62626D2DE0027A9E3 /* Build configuration list for PBXProject "GithubFollowers" */;
			compatibilityVersion = "Xcode 9.3";
			developmentRegion = en;
			hasScannedForEncodings = 0;
			knownRegions = (
				en,
				Base,
			);
			mainGroup = C69D29A22626D2DE0027A9E3;
			productRefGroup = C69D29AC2626D2DF0027A9E3 /* Products */;
			projectDirPath = "";
			projectRoot = "";
			targets = (
				C69D29AA2626D2DF0027A9E3 /* GithubFollowers */,
			);
		};
/* End PBXProject section */

/* Begin PBXResourcesBuildPhase section */
		C69D29A92626D2DF0027A9E3 /* Resources */ = {
			isa = PBXResourcesBuildPhase;
			buildActionMask = 2147483647;
			files = (
				C69D29BB2626D2E80027A9E3 /* LaunchScreen.storyboard in Resources */,
				C69D29B82626D2E80027A9E3 /* Assets.xcassets in Resources */,
			);
			runOnlyForDeploymentPostprocessing = 0;
		};
/* End PBXResourcesBuildPhase section */

/* Begin PBXSourcesBuildPhase section */
		C69D29A72626D2DF0027A9E3 /* Sources */ = {
			isa = PBXSourcesBuildPhase;
			buildActionMask = 2147483647;
			files = (
				C6F3C35A262C63340031D3CC /* User.swift in Sources */,
				C6F3C345262C1C630031D3CC /* GFAlertViewController.swift in Sources */,
				C6F3C34E262C333A0031D3CC /* UIViewController+Extension.swift in Sources */,
				C69D29D126281B700027A9E3 /* GFTextField.swift in Sources */,
				C69D29C72626DFC70027A9E3 /* SearchViewController.swift in Sources */,
				C638EDF02632997700F6053D /* UIHelper.swift in Sources */,
				C6552C3D263800BF007F3B56 /* Constants.swift in Sources */,
				C625F13B262F0E23002CBC3A /* GFAvatarImageView.swift in Sources */,
				C69D29CE262818980027A9E3 /* GFButton.swift in Sources */,
				C6552C372637E685007F3B56 /* GFUserInfoHeaderViewController.swift in Sources */,
				C67F2004264817F20009DE47 /* GFDataLoadingViewController.swift in Sources */,
				C6092E11263AA2EC00A38077 /* GFItemInfoView.swift in Sources */,
				C6092E17263ACA6500A38077 /* GFFollowerItemVC.swift in Sources */,
				C6F3C33B262C0FE60031D3CC /* FollowerListViewController.swift in Sources */,
				C625F138262F0C3D002CBC3A /* FollowerCell.swift in Sources */,
				C6F40DC6263EF24D00DAB3CD /* FavoriteCell.swift in Sources */,
				C625F0F6262DA750002CBC3A /* ErrorMessage.swift in Sources */,
				C67F2000264805630009DE47 /* GFTabBarController.swift in Sources */,
				C6F3C342262C1AEF0031D3CC /* GFBodyLabel.swift in Sources */,
				C6F3C357262C62670031D3CC /* Follower.swift in Sources */,
				C69D29AF2626D2DF0027A9E3 /* AppDelegate.swift in Sources */,
				C6552C3A2637E6E7007F3B56 /* GFSecondaryTitleLabel.swift in Sources */,
				C67F200226480D150009DE47 /* GFAlertContainerView.swift in Sources */,
				C60AE032263598FD00B3515D /* GFEmptyStateView.swift in Sources */,
				C6F3C35E262C685C0031D3CC /* NetworkManager.swift in Sources */,
				C6F40D9E263D3C3200DAB3CD /* PersistenceManager.swift in Sources */,
				C69D29CA2626DFF80027A9E3 /* FavoritesListViewController.swift in Sources */,
				C6092E13263AC52D00A38077 /* GFItemInfoViewController.swift in Sources */,
				C60AE0672636E54000B3515D /* UserInfoViewController.swift in Sources */,
				C6F3C34B262C1DB80031D3CC /* GFTitleLabel.swift in Sources */,
				C6092E1A263AEDC400A38077 /* Date+Extension.swift in Sources */,
				C6092E15263AC7F100A38077 /* GFRepoItemVC.swift in Sources */,
				C6092E1C263AEE3E00A38077 /* String+Extension.swift in Sources */,
				C69D29B12626D2DF0027A9E3 /* SceneDelegate.swift in Sources */,
			);
			runOnlyForDeploymentPostprocessing = 0;
		};
/* End PBXSourcesBuildPhase section */

/* Begin PBXVariantGroup section */
		C69D29B92626D2E80027A9E3 /* LaunchScreen.storyboard */ = {
			isa = PBXVariantGroup;
			children = (
				C69D29BA2626D2E80027A9E3 /* Base */,
			);
			name = LaunchScreen.storyboard;
			sourceTree = "<group>";
		};
/* End PBXVariantGroup section */

/* Begin XCBuildConfiguration section */
		C69D29BD2626D2E80027A9E3 /* Debug */ = {
			isa = XCBuildConfiguration;
			buildSettings = {
				ALWAYS_SEARCH_USER_PATHS = NO;
				CLANG_ANALYZER_NONNULL = YES;
				CLANG_ANALYZER_NUMBER_OBJECT_CONVERSION = YES_AGGRESSIVE;
				CLANG_CXX_LANGUAGE_STANDARD = "gnu++14";
				CLANG_CXX_LIBRARY = "libc++";
				CLANG_ENABLE_MODULES = YES;
				CLANG_ENABLE_OBJC_ARC = YES;
				CLANG_ENABLE_OBJC_WEAK = YES;
				CLANG_WARN_BLOCK_CAPTURE_AUTORELEASING = YES;
				CLANG_WARN_BOOL_CONVERSION = YES;
				CLANG_WARN_COMMA = YES;
				CLANG_WARN_CONSTANT_CONVERSION = YES;
				CLANG_WARN_DEPRECATED_OBJC_IMPLEMENTATIONS = YES;
				CLANG_WARN_DIRECT_OBJC_ISA_USAGE = YES_ERROR;
				CLANG_WARN_DOCUMENTATION_COMMENTS = YES;
				CLANG_WARN_EMPTY_BODY = YES;
				CLANG_WARN_ENUM_CONVERSION = YES;
				CLANG_WARN_INFINITE_RECURSION = YES;
				CLANG_WARN_INT_CONVERSION = YES;
				CLANG_WARN_NON_LITERAL_NULL_CONVERSION = YES;
				CLANG_WARN_OBJC_IMPLICIT_RETAIN_SELF = YES;
				CLANG_WARN_OBJC_LITERAL_CONVERSION = YES;
				CLANG_WARN_OBJC_ROOT_CLASS = YES_ERROR;
				CLANG_WARN_QUOTED_INCLUDE_IN_FRAMEWORK_HEADER = YES;
				CLANG_WARN_RANGE_LOOP_ANALYSIS = YES;
				CLANG_WARN_STRICT_PROTOTYPES = YES;
				CLANG_WARN_SUSPICIOUS_MOVE = YES;
				CLANG_WARN_UNGUARDED_AVAILABILITY = YES_AGGRESSIVE;
				CLANG_WARN_UNREACHABLE_CODE = YES;
				CLANG_WARN__DUPLICATE_METHOD_MATCH = YES;
				COPY_PHASE_STRIP = NO;
				DEBUG_INFORMATION_FORMAT = dwarf;
				ENABLE_STRICT_OBJC_MSGSEND = YES;
				ENABLE_TESTABILITY = YES;
				GCC_C_LANGUAGE_STANDARD = gnu11;
				GCC_DYNAMIC_NO_PIC = NO;
				GCC_NO_COMMON_BLOCKS = YES;
				GCC_OPTIMIZATION_LEVEL = 0;
				GCC_PREPROCESSOR_DEFINITIONS = (
					"DEBUG=1",
					"$(inherited)",
				);
				GCC_WARN_64_TO_32_BIT_CONVERSION = YES;
				GCC_WARN_ABOUT_RETURN_TYPE = YES_ERROR;
				GCC_WARN_UNDECLARED_SELECTOR = YES;
				GCC_WARN_UNINITIALIZED_AUTOS = YES_AGGRESSIVE;
				GCC_WARN_UNUSED_FUNCTION = YES;
				GCC_WARN_UNUSED_VARIABLE = YES;
				IPHONEOS_DEPLOYMENT_TARGET = 14.4;
				MTL_ENABLE_DEBUG_INFO = INCLUDE_SOURCE;
				MTL_FAST_MATH = YES;
				ONLY_ACTIVE_ARCH = YES;
				SDKROOT = iphoneos;
				SWIFT_ACTIVE_COMPILATION_CONDITIONS = DEBUG;
				SWIFT_OPTIMIZATION_LEVEL = "-Onone";
			};
			name = Debug;
		};
		C69D29BE2626D2E80027A9E3 /* Release */ = {
			isa = XCBuildConfiguration;
			buildSettings = {
				ALWAYS_SEARCH_USER_PATHS = NO;
				CLANG_ANALYZER_NONNULL = YES;
				CLANG_ANALYZER_NUMBER_OBJECT_CONVERSION = YES_AGGRESSIVE;
				CLANG_CXX_LANGUAGE_STANDARD = "gnu++14";
				CLANG_CXX_LIBRARY = "libc++";
				CLANG_ENABLE_MODULES = YES;
				CLANG_ENABLE_OBJC_ARC = YES;
				CLANG_ENABLE_OBJC_WEAK = YES;
				CLANG_WARN_BLOCK_CAPTURE_AUTORELEASING = YES;
				CLANG_WARN_BOOL_CONVERSION = YES;
				CLANG_WARN_COMMA = YES;
				CLANG_WARN_CONSTANT_CONVERSION = YES;
				CLANG_WARN_DEPRECATED_OBJC_IMPLEMENTATIONS = YES;
				CLANG_WARN_DIRECT_OBJC_ISA_USAGE = YES_ERROR;
				CLANG_WARN_DOCUMENTATION_COMMENTS = YES;
				CLANG_WARN_EMPTY_BODY = YES;
				CLANG_WARN_ENUM_CONVERSION = YES;
				CLANG_WARN_INFINITE_RECURSION = YES;
				CLANG_WARN_INT_CONVERSION = YES;
				CLANG_WARN_NON_LITERAL_NULL_CONVERSION = YES;
				CLANG_WARN_OBJC_IMPLICIT_RETAIN_SELF = YES;
				CLANG_WARN_OBJC_LITERAL_CONVERSION = YES;
				CLANG_WARN_OBJC_ROOT_CLASS = YES_ERROR;
				CLANG_WARN_QUOTED_INCLUDE_IN_FRAMEWORK_HEADER = YES;
				CLANG_WARN_RANGE_LOOP_ANALYSIS = YES;
				CLANG_WARN_STRICT_PROTOTYPES = YES;
				CLANG_WARN_SUSPICIOUS_MOVE = YES;
				CLANG_WARN_UNGUARDED_AVAILABILITY = YES_AGGRESSIVE;
				CLANG_WARN_UNREACHABLE_CODE = YES;
				CLANG_WARN__DUPLICATE_METHOD_MATCH = YES;
				COPY_PHASE_STRIP = NO;
				DEBUG_INFORMATION_FORMAT = "dwarf-with-dsym";
				ENABLE_NS_ASSERTIONS = NO;
				ENABLE_STRICT_OBJC_MSGSEND = YES;
				GCC_C_LANGUAGE_STANDARD = gnu11;
				GCC_NO_COMMON_BLOCKS = YES;
				GCC_WARN_64_TO_32_BIT_CONVERSION = YES;
				GCC_WARN_ABOUT_RETURN_TYPE = YES_ERROR;
				GCC_WARN_UNDECLARED_SELECTOR = YES;
				GCC_WARN_UNINITIALIZED_AUTOS = YES_AGGRESSIVE;
				GCC_WARN_UNUSED_FUNCTION = YES;
				GCC_WARN_UNUSED_VARIABLE = YES;
				IPHONEOS_DEPLOYMENT_TARGET = 14.4;
				MTL_ENABLE_DEBUG_INFO = NO;
				MTL_FAST_MATH = YES;
				SDKROOT = iphoneos;
				SWIFT_COMPILATION_MODE = wholemodule;
				SWIFT_OPTIMIZATION_LEVEL = "-O";
				VALIDATE_PRODUCT = YES;
			};
			name = Release;
		};
		C69D29C02626D2E80027A9E3 /* Debug */ = {
			isa = XCBuildConfiguration;
			buildSettings = {
				ASSETCATALOG_COMPILER_APPICON_NAME = AppIcon;
				ASSETCATALOG_COMPILER_GLOBAL_ACCENT_COLOR_NAME = AccentColor;
				CODE_SIGN_STYLE = Automatic;
				INFOPLIST_FILE = GithubFollowers/Info.plist;
				LD_RUNPATH_SEARCH_PATHS = (
					"$(inherited)",
					"@executable_path/Frameworks",
				);
				PRODUCT_BUNDLE_IDENTIFIER = leemyeonji.GithubFollowers;
				PRODUCT_NAME = "$(TARGET_NAME)";
				SWIFT_VERSION = 5.0;
				TARGETED_DEVICE_FAMILY = 1;
			};
			name = Debug;
		};
		C69D29C12626D2E80027A9E3 /* Release */ = {
			isa = XCBuildConfiguration;
			buildSettings = {
				ASSETCATALOG_COMPILER_APPICON_NAME = AppIcon;
				ASSETCATALOG_COMPILER_GLOBAL_ACCENT_COLOR_NAME = AccentColor;
				CODE_SIGN_STYLE = Automatic;
				INFOPLIST_FILE = GithubFollowers/Info.plist;
				LD_RUNPATH_SEARCH_PATHS = (
					"$(inherited)",
					"@executable_path/Frameworks",
				);
				PRODUCT_BUNDLE_IDENTIFIER = leemyeonji.GithubFollowers;
				PRODUCT_NAME = "$(TARGET_NAME)";
				SWIFT_VERSION = 5.0;
				TARGETED_DEVICE_FAMILY = 1;
			};
			name = Release;
		};
/* End XCBuildConfiguration section */

/* Begin XCConfigurationList section */
		C69D29A62626D2DE0027A9E3 /* Build configuration list for PBXProject "GithubFollowers" */ = {
			isa = XCConfigurationList;
			buildConfigurations = (
				C69D29BD2626D2E80027A9E3 /* Debug */,
				C69D29BE2626D2E80027A9E3 /* Release */,
			);
			defaultConfigurationIsVisible = 0;
			defaultConfigurationName = Release;
		};
		C69D29BF2626D2E80027A9E3 /* Build configuration list for PBXNativeTarget "GithubFollowers" */ = {
			isa = XCConfigurationList;
			buildConfigurations = (
				C69D29C02626D2E80027A9E3 /* Debug */,
				C69D29C12626D2E80027A9E3 /* Release */,
			);
			defaultConfigurationIsVisible = 0;
			defaultConfigurationName = Release;
		};
/* End XCConfigurationList section */
	};
	rootObject = C69D29A32626D2DE0027A9E3 /* Project object */;
}
